
Microsoft Visual Studio Solution File, Format Version 12.00
# Visual Studio Version 16
VisualStudioVersion = 16.0.31402.337
MinimumVisualStudioVersion = 10.0.40219.1
Project("{9A19103F-16F7-4668-BE54-9A1E7A4F7556}") = "CargoTransportLib", "Transport\CargoTransportLib.csproj", "{BB6E4C8C-0399-4D2A-9B17-15E8C1C57CC9}"
EndProject
Project("{9A19103F-16F7-4668-BE54-9A1E7A4F7556}") = "CompanyLib", "CompanyLib\CompanyLib.csproj", "{E76617F6-992B-47F7-8CB6-97A28DACDAF7}"
EndProject
Project("{9A19103F-16F7-4668-BE54-9A1E7A4F7556}") = "Serializer", "Serializer\Serializer.csproj", "{07AADB21-1858-4C62-B2C8-5275D0FC08F5}"
EndProject
Project("{9A19103F-16F7-4668-BE54-9A1E7A4F7556}") = "Tests", "Tests\Tests.csproj", "{261F8CC5-3F64-4887-A0D7-5DD849C2B60D}"
EndProject
Project("{FAE04EC0-301F-11D3-BF4B-00C04F79EFBC}") = "Deserializer", "Deserializer\Deserializer.csproj", "{32007F93-ECC2-4E49-8006-ADA150BAFC23}"
EndProject
Global
	GlobalSection(SolutionConfigurationPlatforms) = preSolution
		Debug|Any CPU = Debug|Any CPU
		Release|Any CPU = Release|Any CPU
	EndGlobalSection
	GlobalSection(ProjectConfigurationPlatforms) = postSolution
		{BB6E4C8C-0399-4D2A-9B17-15E8C1C57CC9}.Debug|Any CPU.ActiveCfg = Debug|Any CPU
		{BB6E4C8C-0399-4D2A-9B17-15E8C1C57CC9}.Debug|Any CPU.Build.0 = Debug|Any CPU
		{BB6E4C8C-0399-4D2A-9B17-15E8C1C57CC9}.Release|Any CPU.ActiveCfg = Release|Any CPU
		{BB6E4C8C-0399-4D2A-9B17-15E8C1C57CC9}.Release|Any CPU.Build.0 = Release|Any CPU
		{E76617F6-992B-47F7-8CB6-97A28DACDAF7}.Debug|Any CPU.ActiveCfg = Debug|Any CPU
		{E76617F6-992B-47F7-8CB6-97A28DACDAF7}.Debug|Any CPU.Build.0 = Debug|Any CPU
		{E76617F6-992B-47F7-8CB6-97A28DACDAF7}.Release|Any CPU.ActiveCfg = Release|Any CPU
		{E76617F6-992B-47F7-8CB6-97A28DACDAF7}.Release|Any CPU.Build.0 = Release|Any CPU
		{07AADB21-1858-4C62-B2C8-5275D0FC08F5}.Debug|Any CPU.ActiveCfg = Debug|Any CPU
		{07AADB21-1858-4C62-B2C8-5275D0FC08F5}.Debug|Any CPU.Build.0 = Debug|Any CPU
		{07AADB21-1858-4C62-B2C8-5275D0FC08F5}.Release|Any CPU.ActiveCfg = Release|Any CPU
		{07AADB21-1858-4C62-B2C8-5275D0FC08F5}.Release|Any CPU.Build.0 = Release|Any CPU
		{261F8CC5-3F64-4887-A0D7-5DD849C2B60D}.Debug|Any CPU.ActiveCfg = Debug|Any CPU
		{261F8CC5-3F64-4887-A0D7-5DD849C2B60D}.Debug|Any CPU.Build.0 = Debug|Any CPU
		{261F8CC5-3F64-4887-A0D7-5DD849C2B60D}.Release|Any CPU.ActiveCfg = Release|Any CPU
		{261F8CC5-3F64-4887-A0D7-5DD849C2B60D}.Release|Any CPU.Build.0 = Release|Any CPU
		{32007F93-ECC2-4E49-8006-ADA150BAFC23}.Debug|Any CPU.ActiveCfg = Debug|Any CPU
		{32007F93-ECC2-4E49-8006-ADA150BAFC23}.Debug|Any CPU.Build.0 = Debug|Any CPU
		{32007F93-ECC2-4E49-8006-ADA150BAFC23}.Release|Any CPU.ActiveCfg = Release|Any CPU
		{32007F93-ECC2-4E49-8006-ADA150BAFC23}.Release|Any CPU.Build.0 = Release|Any CPU
	EndGlobalSection
	GlobalSection(SolutionProperties) = preSolution
		HideSolutionNode = FALSE
	EndGlobalSection
	GlobalSection(ExtensibilityGlobals) = postSolution
		SolutionGuid = {06ACFC6E-FE85-4C3D-8F5E-F20D6673BB22}
	EndGlobalSection
EndGlobal
